
Microsoft Visual Studio Solution File, Format Version 12.00
# Visual Studio 14
VisualStudioVersion = 14.0.25420.1
MinimumVisualStudioVersion = 10.0.40219.1
Project("{2150E333-8FDC-42A3-9474-1A3956D46DE8}") = "Core", "Core", "{9B59A0E6-7181-4430-B9F8-6FC788793A97}"
EndProject
Project("{FAE04EC0-301F-11D3-BF4B-00C04F79EFBC}") = "SnowQueen.Core.Contract", "SnowQueen.Core.Contract\SnowQueen.Core.Contract.csproj", "{97CBA70A-500E-4703-9A0B-FF2175880D40}"
EndProject
Project("{2150E333-8FDC-42A3-9474-1A3956D46DE8}") = "Client", "Client", "{1936ADDE-A77C-47FA-B2EA-00D90DFB1B1B}"
EndProject
Project("{FAE04EC0-301F-11D3-BF4B-00C04F79EFBC}") = "SnowQueen.Core.MVVMtools", "SnowQueen.Core.MVVMtools\SnowQueen.Core.MVVMtools.csproj", "{992756E6-7499-4FA3-92B1-C7E90FE265CA}"
EndProject
Project("{2150E333-8FDC-42A3-9474-1A3956D46DE8}") = "FirstClient", "FirstClient", "{173A14AC-1E6F-4348-A19E-7E2D1C815E66}"
EndProject
Project("{FAE04EC0-301F-11D3-BF4B-00C04F79EFBC}") = "FirstClient.View", "FirstClient.View\FirstClient.View.csproj", "{C99FEB82-E8BD-4529-A45A-54FB9153E47A}"
EndProject
Project("{FAE04EC0-301F-11D3-BF4B-00C04F79EFBC}") = "SnowQueen.Core.ObjectTypes", "SnowQueen.Core.ObjectTypesInterface\SnowQueen.Core.ObjectTypes.csproj", "{BA0FD163-C1B8-4BD6-B43B-3E20AF735B62}"
EndProject
Project("{FAE04EC0-301F-11D3-BF4B-00C04F79EFBC}") = "Client.Model", "Client.Model\Client.Model.csproj", "{51260E8D-A912-44C1-A5CF-113008C6B751}"
EndProject
Project("{FAE04EC0-301F-11D3-BF4B-00C04F79EFBC}") = "Client.ViewModel", "Client.ViewModel\Client.ViewModel.csproj", "{0648938A-DE93-4884-A601-AED941D11EE1}"
EndProject
Project("{FAE04EC0-301F-11D3-BF4B-00C04F79EFBC}") = "SnowQueen.Server", "SnowQueen.Server\SnowQueen.Server.csproj", "{0F9EB405-BB05-4CBA-A993-287157194A74}"
EndProject
Project("{2150E333-8FDC-42A3-9474-1A3956D46DE8}") = "SecondClient", "SecondClient", "{AB3ADCD7-CD82-4C8E-8900-27D399373068}"
EndProject
Project("{FAE04EC0-301F-11D3-BF4B-00C04F79EFBC}") = "SecondClient.View", "SecondClient.View\SecondClient.View.csproj", "{FAA66537-5C91-48F8-83AA-D1C5726A1C99}"
EndProject
Global
	GlobalSection(SolutionConfigurationPlatforms) = preSolution
		Debug|Any CPU = Debug|Any CPU
		Release|Any CPU = Release|Any CPU
	EndGlobalSection
	GlobalSection(ProjectConfigurationPlatforms) = postSolution
		{97CBA70A-500E-4703-9A0B-FF2175880D40}.Debug|Any CPU.ActiveCfg = Debug|Any CPU
		{97CBA70A-500E-4703-9A0B-FF2175880D40}.Debug|Any CPU.Build.0 = Debug|Any CPU
		{97CBA70A-500E-4703-9A0B-FF2175880D40}.Release|Any CPU.ActiveCfg = Release|Any CPU
		{97CBA70A-500E-4703-9A0B-FF2175880D40}.Release|Any CPU.Build.0 = Release|Any CPU
		{992756E6-7499-4FA3-92B1-C7E90FE265CA}.Debug|Any CPU.ActiveCfg = Debug|Any CPU
		{992756E6-7499-4FA3-92B1-C7E90FE265CA}.Debug|Any CPU.Build.0 = Debug|Any CPU
		{992756E6-7499-4FA3-92B1-C7E90FE265CA}.Release|Any CPU.ActiveCfg = Release|Any CPU
		{992756E6-7499-4FA3-92B1-C7E90FE265CA}.Release|Any CPU.Build.0 = Release|Any CPU
		{C99FEB82-E8BD-4529-A45A-54FB9153E47A}.Debug|Any CPU.ActiveCfg = Debug|Any CPU
		{C99FEB82-E8BD-4529-A45A-54FB9153E47A}.Debug|Any CPU.Build.0 = Debug|Any CPU
		{C99FEB82-E8BD-4529-A45A-54FB9153E47A}.Release|Any CPU.ActiveCfg = Release|Any CPU
		{C99FEB82-E8BD-4529-A45A-54FB9153E47A}.Release|Any CPU.Build.0 = Release|Any CPU
		{BA0FD163-C1B8-4BD6-B43B-3E20AF735B62}.Debug|Any CPU.ActiveCfg = Debug|Any CPU
		{BA0FD163-C1B8-4BD6-B43B-3E20AF735B62}.Debug|Any CPU.Build.0 = Debug|Any CPU
		{BA0FD163-C1B8-4BD6-B43B-3E20AF735B62}.Release|Any CPU.ActiveCfg = Release|Any CPU
		{BA0FD163-C1B8-4BD6-B43B-3E20AF735B62}.Release|Any CPU.Build.0 = Release|Any CPU
		{51260E8D-A912-44C1-A5CF-113008C6B751}.Debug|Any CPU.ActiveCfg = Debug|Any CPU
		{51260E8D-A912-44C1-A5CF-113008C6B751}.Debug|Any CPU.Build.0 = Debug|Any CPU
		{51260E8D-A912-44C1-A5CF-113008C6B751}.Release|Any CPU.ActiveCfg = Release|Any CPU
		{51260E8D-A912-44C1-A5CF-113008C6B751}.Release|Any CPU.Build.0 = Release|Any CPU
		{0648938A-DE93-4884-A601-AED941D11EE1}.Debug|Any CPU.ActiveCfg = Debug|Any CPU
		{0648938A-DE93-4884-A601-AED941D11EE1}.Debug|Any CPU.Build.0 = Debug|Any CPU
		{0648938A-DE93-4884-A601-AED941D11EE1}.Release|Any CPU.ActiveCfg = Release|Any CPU
		{0648938A-DE93-4884-A601-AED941D11EE1}.Release|Any CPU.Build.0 = Release|Any CPU
		{0F9EB405-BB05-4CBA-A993-287157194A74}.Debug|Any CPU.ActiveCfg = Debug|Any CPU
		{0F9EB405-BB05-4CBA-A993-287157194A74}.Debug|Any CPU.Build.0 = Debug|Any CPU
		{0F9EB405-BB05-4CBA-A993-287157194A74}.Release|Any CPU.ActiveCfg = Release|Any CPU
		{0F9EB405-BB05-4CBA-A993-287157194A74}.Release|Any CPU.Build.0 = Release|Any CPU
		{FAA66537-5C91-48F8-83AA-D1C5726A1C99}.Debug|Any CPU.ActiveCfg = Debug|Any CPU
		{FAA66537-5C91-48F8-83AA-D1C5726A1C99}.Debug|Any CPU.Build.0 = Debug|Any CPU
		{FAA66537-5C91-48F8-83AA-D1C5726A1C99}.Release|Any CPU.ActiveCfg = Release|Any CPU
		{FAA66537-5C91-48F8-83AA-D1C5726A1C99}.Release|Any CPU.Build.0 = Release|Any CPU
	EndGlobalSection
	GlobalSection(SolutionProperties) = preSolution
		HideSolutionNode = FALSE
	EndGlobalSection
	GlobalSection(NestedProjects) = preSolution
		{97CBA70A-500E-4703-9A0B-FF2175880D40} = {9B59A0E6-7181-4430-B9F8-6FC788793A97}
		{992756E6-7499-4FA3-92B1-C7E90FE265CA} = {9B59A0E6-7181-4430-B9F8-6FC788793A97}
		{173A14AC-1E6F-4348-A19E-7E2D1C815E66} = {1936ADDE-A77C-47FA-B2EA-00D90DFB1B1B}
		{C99FEB82-E8BD-4529-A45A-54FB9153E47A} = {173A14AC-1E6F-4348-A19E-7E2D1C815E66}
		{BA0FD163-C1B8-4BD6-B43B-3E20AF735B62} = {9B59A0E6-7181-4430-B9F8-6FC788793A97}
		{51260E8D-A912-44C1-A5CF-113008C6B751} = {1936ADDE-A77C-47FA-B2EA-00D90DFB1B1B}
		{0648938A-DE93-4884-A601-AED941D11EE1} = {1936ADDE-A77C-47FA-B2EA-00D90DFB1B1B}
		{AB3ADCD7-CD82-4C8E-8900-27D399373068} = {1936ADDE-A77C-47FA-B2EA-00D90DFB1B1B}
		{FAA66537-5C91-48F8-83AA-D1C5726A1C99} = {AB3ADCD7-CD82-4C8E-8900-27D399373068}
	EndGlobalSection
EndGlobal
